
Microsoft Visual Studio Solution File, Format Version 12.00
# Visual Studio Version 16
VisualStudioVersion = 16.0.31424.327
MinimumVisualStudioVersion = 10.0.40219.1
Project("{2150E333-8FDC-42A3-9474-1A3956D46DE8}") = "src", "src", "{0C03F005-2850-49BE-AD0A-35033861F551}"
EndProject
Project("{2150E333-8FDC-42A3-9474-1A3956D46DE8}") = "test", "test", "{65F2589D-C83B-4BDA-8F8E-8419695DD772}"
EndProject
Project("{2150E333-8FDC-42A3-9474-1A3956D46DE8}") = "API", "API", "{72F06F61-CDEC-4572-8135-AD7683A428AA}"
EndProject
Project("{2150E333-8FDC-42A3-9474-1A3956D46DE8}") = "Core", "Core", "{7DD3174D-3718-46B5-ADB6-DCE89AED60A3}"
EndProject
Project("{2150E333-8FDC-42A3-9474-1A3956D46DE8}") = "Infrastructure", "Infrastructure", "{99471070-278F-4C18-8266-2C0A8A2DA3E5}"
EndProject
Project("{2150E333-8FDC-42A3-9474-1A3956D46DE8}") = "UI", "UI", "{3CF43C9B-9B7B-4CBB-B3B4-92696D362888}"
EndProject
Project("{9A19103F-16F7-4668-BE54-9A1E7A4F7556}") = "HRLeaveManagement.Domain", "HRLeaveManagement.Domain\HRLeaveManagement.Domain.csproj", "{C4C1A4D8-A90C-47DD-AF04-5C70BAFD0A8D}"
EndProject
Project("{9A19103F-16F7-4668-BE54-9A1E7A4F7556}") = "HRLeaveManagement.Application", "HRLeaveManagement.Application\HRLeaveManagement.Application.csproj", "{956BC667-66C7-4B20-A733-14FF3D2EAD0C}"
EndProject
Project("{9A19103F-16F7-4668-BE54-9A1E7A4F7556}") = "HRLeaveManagement.Infrastructure", "HRLeaveManagement.Infrastructure\HRLeaveManagement.Infrastructure.csproj", "{50093C03-C070-4C13-9DCD-3094023DA894}"
EndProject
Project("{9A19103F-16F7-4668-BE54-9A1E7A4F7556}") = "HRLeaveManagement.Persistence", "HRLeaveManagement.Persistence\HRLeaveManagement.Persistence.csproj", "{A0F8E72F-007B-4FC4-8650-23F2B6C4B5E7}"
EndProject
Project("{9A19103F-16F7-4668-BE54-9A1E7A4F7556}") = "HRLeaveManagement.API", "HRLeaveManagement.API\HRLeaveManagement.API.csproj", "{21015998-54C7-44B9-B679-52D77F398A01}"
EndProject
Project("{9A19103F-16F7-4668-BE54-9A1E7A4F7556}") = "TestProject1", "TestProject1\TestProject1.csproj", "{D933E2B7-C1CF-4DEB-B4EB-8899C54EAEB2}"
EndProject
Project("{9A19103F-16F7-4668-BE54-9A1E7A4F7556}") = "HRLeaveManagement.MVC", "HRLeaveManagement.MVC\HRLeaveManagement.MVC.csproj", "{28C1652B-C9EA-4AFB-A9B1-12BC07D707E2}"
EndProject
Project("{FAE04EC0-301F-11D3-BF4B-00C04F79EFBC}") = "HRLeaveManagement.Identity", "HRLeaveManagement.Identity\HRLeaveManagement.Identity.csproj", "{3A28590D-06A9-46B7-831B-5DF27F1FAEA7}"
EndProject
Global
	GlobalSection(SolutionConfigurationPlatforms) = preSolution
		Debug|Any CPU = Debug|Any CPU
		Release|Any CPU = Release|Any CPU
	EndGlobalSection
	GlobalSection(ProjectConfigurationPlatforms) = postSolution
		{C4C1A4D8-A90C-47DD-AF04-5C70BAFD0A8D}.Debug|Any CPU.ActiveCfg = Debug|Any CPU
		{C4C1A4D8-A90C-47DD-AF04-5C70BAFD0A8D}.Debug|Any CPU.Build.0 = Debug|Any CPU
		{C4C1A4D8-A90C-47DD-AF04-5C70BAFD0A8D}.Release|Any CPU.ActiveCfg = Release|Any CPU
		{C4C1A4D8-A90C-47DD-AF04-5C70BAFD0A8D}.Release|Any CPU.Build.0 = Release|Any CPU
		{956BC667-66C7-4B20-A733-14FF3D2EAD0C}.Debug|Any CPU.ActiveCfg = Debug|Any CPU
		{956BC667-66C7-4B20-A733-14FF3D2EAD0C}.Debug|Any CPU.Build.0 = Debug|Any CPU
		{956BC667-66C7-4B20-A733-14FF3D2EAD0C}.Release|Any CPU.ActiveCfg = Release|Any CPU
		{956BC667-66C7-4B20-A733-14FF3D2EAD0C}.Release|Any CPU.Build.0 = Release|Any CPU
		{50093C03-C070-4C13-9DCD-3094023DA894}.Debug|Any CPU.ActiveCfg = Debug|Any CPU
		{50093C03-C070-4C13-9DCD-3094023DA894}.Debug|Any CPU.Build.0 = Debug|Any CPU
		{50093C03-C070-4C13-9DCD-3094023DA894}.Release|Any CPU.ActiveCfg = Release|Any CPU
		{50093C03-C070-4C13-9DCD-3094023DA894}.Release|Any CPU.Build.0 = Release|Any CPU
		{A0F8E72F-007B-4FC4-8650-23F2B6C4B5E7}.Debug|Any CPU.ActiveCfg = Debug|Any CPU
		{A0F8E72F-007B-4FC4-8650-23F2B6C4B5E7}.Debug|Any CPU.Build.0 = Debug|Any CPU
		{A0F8E72F-007B-4FC4-8650-23F2B6C4B5E7}.Release|Any CPU.ActiveCfg = Release|Any CPU
		{A0F8E72F-007B-4FC4-8650-23F2B6C4B5E7}.Release|Any CPU.Build.0 = Release|Any CPU
		{21015998-54C7-44B9-B679-52D77F398A01}.Debug|Any CPU.ActiveCfg = Debug|Any CPU
		{21015998-54C7-44B9-B679-52D77F398A01}.Debug|Any CPU.Build.0 = Debug|Any CPU
		{21015998-54C7-44B9-B679-52D77F398A01}.Release|Any CPU.ActiveCfg = Release|Any CPU
		{21015998-54C7-44B9-B679-52D77F398A01}.Release|Any CPU.Build.0 = Release|Any CPU
		{D933E2B7-C1CF-4DEB-B4EB-8899C54EAEB2}.Debug|Any CPU.ActiveCfg = Debug|Any CPU
		{D933E2B7-C1CF-4DEB-B4EB-8899C54EAEB2}.Debug|Any CPU.Build.0 = Debug|Any CPU
		{D933E2B7-C1CF-4DEB-B4EB-8899C54EAEB2}.Release|Any CPU.ActiveCfg = Release|Any CPU
		{D933E2B7-C1CF-4DEB-B4EB-8899C54EAEB2}.Release|Any CPU.Build.0 = Release|Any CPU
		{28C1652B-C9EA-4AFB-A9B1-12BC07D707E2}.Debug|Any CPU.ActiveCfg = Debug|Any CPU
		{28C1652B-C9EA-4AFB-A9B1-12BC07D707E2}.Debug|Any CPU.Build.0 = Debug|Any CPU
		{28C1652B-C9EA-4AFB-A9B1-12BC07D707E2}.Release|Any CPU.ActiveCfg = Release|Any CPU
		{28C1652B-C9EA-4AFB-A9B1-12BC07D707E2}.Release|Any CPU.Build.0 = Release|Any CPU
		{3A28590D-06A9-46B7-831B-5DF27F1FAEA7}.Debug|Any CPU.ActiveCfg = Debug|Any CPU
		{3A28590D-06A9-46B7-831B-5DF27F1FAEA7}.Debug|Any CPU.Build.0 = Debug|Any CPU
		{3A28590D-06A9-46B7-831B-5DF27F1FAEA7}.Release|Any CPU.ActiveCfg = Release|Any CPU
		{3A28590D-06A9-46B7-831B-5DF27F1FAEA7}.Release|Any CPU.Build.0 = Release|Any CPU
	EndGlobalSection
	GlobalSection(SolutionProperties) = preSolution
		HideSolutionNode = FALSE
	EndGlobalSection
	GlobalSection(NestedProjects) = preSolution
		{72F06F61-CDEC-4572-8135-AD7683A428AA} = {0C03F005-2850-49BE-AD0A-35033861F551}
		{7DD3174D-3718-46B5-ADB6-DCE89AED60A3} = {0C03F005-2850-49BE-AD0A-35033861F551}
		{99471070-278F-4C18-8266-2C0A8A2DA3E5} = {0C03F005-2850-49BE-AD0A-35033861F551}
		{3CF43C9B-9B7B-4CBB-B3B4-92696D362888} = {0C03F005-2850-49BE-AD0A-35033861F551}
		{C4C1A4D8-A90C-47DD-AF04-5C70BAFD0A8D} = {7DD3174D-3718-46B5-ADB6-DCE89AED60A3}
		{956BC667-66C7-4B20-A733-14FF3D2EAD0C} = {7DD3174D-3718-46B5-ADB6-DCE89AED60A3}
		{50093C03-C070-4C13-9DCD-3094023DA894} = {99471070-278F-4C18-8266-2C0A8A2DA3E5}
		{A0F8E72F-007B-4FC4-8650-23F2B6C4B5E7} = {99471070-278F-4C18-8266-2C0A8A2DA3E5}
		{21015998-54C7-44B9-B679-52D77F398A01} = {72F06F61-CDEC-4572-8135-AD7683A428AA}
		{D933E2B7-C1CF-4DEB-B4EB-8899C54EAEB2} = {65F2589D-C83B-4BDA-8F8E-8419695DD772}
		{28C1652B-C9EA-4AFB-A9B1-12BC07D707E2} = {3CF43C9B-9B7B-4CBB-B3B4-92696D362888}
		{3A28590D-06A9-46B7-831B-5DF27F1FAEA7} = {99471070-278F-4C18-8266-2C0A8A2DA3E5}
	EndGlobalSection
	GlobalSection(ExtensibilityGlobals) = postSolution
		SolutionGuid = {ACF36009-4DB3-4F44-9250-1C7B56422365}
	EndGlobalSection
EndGlobal
